Microsoft Visual Studio Solution File, Format Version 12.00
# Visual Studio Version 17
VisualStudioVersion = 17.5.2.0
MinimumVisualStudioVersion = 10.0.40219.1
Project("{FAE04EC0-301F-11D3-BF4B-00C04F79EFBC}") = "Love4AnimalsApi", "Love4AnimalsApi.csproj", "{96FD0F5E-A689-6582-F48C-626AAF8B1999}"
EndProject
Global
	GlobalSection(SolutionConfigurationPlatforms) = preSolution
		Debug|Any CPU = Debug|Any CPU
		Release|Any CPU = Release|Any CPU
	EndGlobalSection
	GlobalSection(ProjectConfigurationPlatforms) = postSolution
		{96FD0F5E-A689-6582-F48C-626AAF8B1999}.Debug|Any CPU.ActiveCfg = Debug|Any CPU
		{96FD0F5E-A689-6582-F48C-626AAF8B1999}.Debug|Any CPU.Build.0 = Debug|Any CPU
		{96FD0F5E-A689-6582-F48C-626AAF8B1999}.Release|Any CPU.ActiveCfg = Release|Any CPU
		{96FD0F5E-A689-6582-F48C-626AAF8B1999}.Release|Any CPU.Build.0 = Release|Any CPU
	EndGlobalSection
	GlobalSection(SolutionProperties) = preSolution
		HideSolutionNode = FALSE
	EndGlobalSection
	GlobalSection(ExtensibilityGlobals) = postSolution
		SolutionGuid = {74941A39-AF18-4AD6-8DF8-AFBCA03D3586}
	EndGlobalSection
EndGlobal
